
Microsoft Visual Studio Solution File, Format Version 12.00
# Visual Studio 15
VisualStudioVersion = 15.0.28010.2050
MinimumVisualStudioVersion = 10.0.40219.1
Project("{FAE04EC0-301F-11D3-BF4B-00C04F79EFBC}") = "CUE.NET", "CUE.NET.csproj", "{70A266B5-E9D4-4EAA-A91A-947C0039FFB6}"
EndProject
Project("{2150E333-8FDC-42A3-9474-1A3956D46DE8}") = "Examples", "Examples", "{1F52DDC9-E9D0-4A7B-8E78-930528203EE6}"
EndProject
Project("{FAE04EC0-301F-11D3-BF4B-00C04F79EFBC}") = "SimpleDevTest", "Examples\SimpleDevTest\SimpleDevTest.csproj", "{7FD88256-5E14-4D7C-862B-7BC2CD04081A}"
EndProject
Project("{2150E333-8FDC-42A3-9474-1A3956D46DE8}") = "Solution Items", "Solution Items", "{FF50AF6A-D2AC-4772-B013-C10D127DBE29}"
	ProjectSection(SolutionItems) = preProject
		CUE.NET.nuspec = CUE.NET.nuspec
		CUE.NET.targets = CUE.NET.targets
		nuget.exe = nuget.exe
	EndProjectSection
EndProject
Project("{2150E333-8FDC-42A3-9474-1A3956D46DE8}") = "libs", "libs", "{D69EF6D8-68FF-4C56-B5CB-253971B1DF91}"
EndProject
Project("{2150E333-8FDC-42A3-9474-1A3956D46DE8}") = "x86", "x86", "{0525D895-E706-4920-8733-DABD9194BFB1}"
	ProjectSection(SolutionItems) = preProject
		bin\x86\CUESDK_2015.dll = bin\x86\CUESDK_2015.dll
	EndProjectSection
EndProject
Project("{2150E333-8FDC-42A3-9474-1A3956D46DE8}") = "x64", "x64", "{2F99124B-FAED-432D-B797-45566D373411}"
	ProjectSection(SolutionItems) = preProject
		bin\x64\CUESDK_2015.dll = bin\x64\CUESDK_2015.dll
	EndProjectSection
EndProject
Project("{2150E333-8FDC-42A3-9474-1A3956D46DE8}") = "AudioAnalyzer", "AudioAnalyzer", "{BE16A0BF-6794-4718-AF27-F2A50078D880}"
EndProject
Project("{FAE04EC0-301F-11D3-BF4B-00C04F79EFBC}") = "Example_AudioAnalyzer_full", "Examples\AudioAnalyzer\Example_AudioAnalyzer_full\Example_AudioAnalyzer_full.csproj", "{E06B4E1D-9735-4CB4-BC11-9ECDF27A0972}"
EndProject
Project("{2150E333-8FDC-42A3-9474-1A3956D46DE8}") = "Ambilight", "Ambilight", "{1ABADCA4-AC96-4E9F-91C5-232EB824D6DE}"
EndProject
Project("{FAE04EC0-301F-11D3-BF4B-00C04F79EFBC}") = "Example_Ambilight_full", "Examples\Ambilight\Example_Ambilight_full\Example_Ambilight_full.csproj", "{6D7BAF89-A705-4FFA-A3A2-AF93EC3A909C}"
EndProject
Project("{FAE04EC0-301F-11D3-BF4B-00C04F79EFBC}") = "Demo", "Demo\Demo.csproj", "{D0214090-DD72-4316-8BF7-08A02293ADD2}"
	ProjectSection(ProjectDependencies) = postProject
		{70A266B5-E9D4-4EAA-A91A-947C0039FFB6} = {70A266B5-E9D4-4EAA-A91A-947C0039FFB6}
	EndProjectSection
EndProject
Global
	GlobalSection(SolutionConfigurationPlatforms) = preSolution
		Debug|Any CPU = Debug|Any CPU
		Debug|x64 = Debug|x64
		Debug|x86 = Debug|x86
		Release|Any CPU = Release|Any CPU
		Release|x64 = Release|x64
		Release|x86 = Release|x86
	EndGlobalSection
	GlobalSection(ProjectConfigurationPlatforms) = postSolution
		{70A266B5-E9D4-4EAA-A91A-947C0039FFB6}.Debug|Any CPU.ActiveCfg = Debug|Any CPU
		{70A266B5-E9D4-4EAA-A91A-947C0039FFB6}.Debug|Any CPU.Build.0 = Debug|Any CPU
		{70A266B5-E9D4-4EAA-A91A-947C0039FFB6}.Debug|x64.ActiveCfg = Debug|Any CPU
		{70A266B5-E9D4-4EAA-A91A-947C0039FFB6}.Debug|x64.Build.0 = Debug|Any CPU
		{70A266B5-E9D4-4EAA-A91A-947C0039FFB6}.Debug|x86.ActiveCfg = Debug|Any CPU
		{70A266B5-E9D4-4EAA-A91A-947C0039FFB6}.Debug|x86.Build.0 = Debug|Any CPU
		{70A266B5-E9D4-4EAA-A91A-947C0039FFB6}.Release|Any CPU.ActiveCfg = Release|Any CPU
		{70A266B5-E9D4-4EAA-A91A-947C0039FFB6}.Release|Any CPU.Build.0 = Release|Any CPU
		{70A266B5-E9D4-4EAA-A91A-947C0039FFB6}.Release|x64.ActiveCfg = Release|Any CPU
		{70A266B5-E9D4-4EAA-A91A-947C0039FFB6}.Release|x64.Build.0 = Release|Any CPU
		{70A266B5-E9D4-4EAA-A91A-947C0039FFB6}.Release|x86.ActiveCfg = Release|Any CPU
		{70A266B5-E9D4-4EAA-A91A-947C0039FFB6}.Release|x86.Build.0 = Release|Any CPU
		{7FD88256-5E14-4D7C-862B-7BC2CD04081A}.Debug|Any CPU.ActiveCfg = Debug|Any CPU
		{7FD88256-5E14-4D7C-862B-7BC2CD04081A}.Debug|Any CPU.Build.0 = Debug|Any CPU
		{7FD88256-5E14-4D7C-862B-7BC2CD04081A}.Debug|x64.ActiveCfg = Debug|Any CPU
		{7FD88256-5E14-4D7C-862B-7BC2CD04081A}.Debug|x64.Build.0 = Debug|Any CPU
		{7FD88256-5E14-4D7C-862B-7BC2CD04081A}.Debug|x86.ActiveCfg = Debug|Any CPU
		{7FD88256-5E14-4D7C-862B-7BC2CD04081A}.Debug|x86.Build.0 = Debug|Any CPU
		{7FD88256-5E14-4D7C-862B-7BC2CD04081A}.Release|Any CPU.ActiveCfg = Release|Any CPU
		{7FD88256-5E14-4D7C-862B-7BC2CD04081A}.Release|Any CPU.Build.0 = Release|Any CPU
		{7FD88256-5E14-4D7C-862B-7BC2CD04081A}.Release|x64.ActiveCfg = Release|Any CPU
		{7FD88256-5E14-4D7C-862B-7BC2CD04081A}.Release|x64.Build.0 = Release|Any CPU
		{7FD88256-5E14-4D7C-862B-7BC2CD04081A}.Release|x86.ActiveCfg = Release|Any CPU
		{7FD88256-5E14-4D7C-862B-7BC2CD04081A}.Release|x86.Build.0 = Release|Any CPU
		{E06B4E1D-9735-4CB4-BC11-9ECDF27A0972}.Debug|Any CPU.ActiveCfg = Debug|Any CPU
		{E06B4E1D-9735-4CB4-BC11-9ECDF27A0972}.Debug|Any CPU.Build.0 = Debug|Any CPU
		{E06B4E1D-9735-4CB4-BC11-9ECDF27A0972}.Debug|x64.ActiveCfg = Debug|Any CPU
		{E06B4E1D-9735-4CB4-BC11-9ECDF27A0972}.Debug|x64.Build.0 = Debug|Any CPU
		{E06B4E1D-9735-4CB4-BC11-9ECDF27A0972}.Debug|x86.ActiveCfg = Debug|Any CPU
		{E06B4E1D-9735-4CB4-BC11-9ECDF27A0972}.Debug|x86.Build.0 = Debug|Any CPU
		{E06B4E1D-9735-4CB4-BC11-9ECDF27A0972}.Release|Any CPU.ActiveCfg = Release|Any CPU
		{E06B4E1D-9735-4CB4-BC11-9ECDF27A0972}.Release|Any CPU.Build.0 = Release|Any CPU
		{E06B4E1D-9735-4CB4-BC11-9ECDF27A0972}.Release|x64.ActiveCfg = Release|Any CPU
		{E06B4E1D-9735-4CB4-BC11-9ECDF27A0972}.Release|x64.Build.0 = Release|Any CPU
		{E06B4E1D-9735-4CB4-BC11-9ECDF27A0972}.Release|x86.ActiveCfg = Release|Any CPU
		{E06B4E1D-9735-4CB4-BC11-9ECDF27A0972}.Release|x86.Build.0 = Release|Any CPU
		{6D7BAF89-A705-4FFA-A3A2-AF93EC3A909C}.Debug|Any CPU.ActiveCfg = Debug|Any CPU
		{6D7BAF89-A705-4FFA-A3A2-AF93EC3A909C}.Debug|Any CPU.Build.0 = Debug|Any CPU
		{6D7BAF89-A705-4FFA-A3A2-AF93EC3A909C}.Debug|x64.ActiveCfg = Debug|Any CPU
		{6D7BAF89-A705-4FFA-A3A2-AF93EC3A909C}.Debug|x64.Build.0 = Debug|Any CPU
		{6D7BAF89-A705-4FFA-A3A2-AF93EC3A909C}.Debug|x86.ActiveCfg = Debug|Any CPU
		{6D7BAF89-A705-4FFA-A3A2-AF93EC3A909C}.Debug|x86.Build.0 = Debug|Any CPU
		{6D7BAF89-A705-4FFA-A3A2-AF93EC3A909C}.Release|Any CPU.ActiveCfg = Release|Any CPU
		{6D7BAF89-A705-4FFA-A3A2-AF93EC3A909C}.Release|Any CPU.Build.0 = Release|Any CPU
		{6D7BAF89-A705-4FFA-A3A2-AF93EC3A909C}.Release|x64.ActiveCfg = Release|Any CPU
		{6D7BAF89-A705-4FFA-A3A2-AF93EC3A909C}.Release|x64.Build.0 = Release|Any CPU
		{6D7BAF89-A705-4FFA-A3A2-AF93EC3A909C}.Release|x86.ActiveCfg = Release|Any CPU
		{6D7BAF89-A705-4FFA-A3A2-AF93EC3A909C}.Release|x86.Build.0 = Release|Any CPU
		{D0214090-DD72-4316-8BF7-08A02293ADD2}.Debug|Any CPU.ActiveCfg = Debug|Any CPU
		{D0214090-DD72-4316-8BF7-08A02293ADD2}.Debug|Any CPU.Build.0 = Debug|Any CPU
		{D0214090-DD72-4316-8BF7-08A02293ADD2}.Debug|x64.ActiveCfg = Debug|Any CPU
		{D0214090-DD72-4316-8BF7-08A02293ADD2}.Debug|x64.Build.0 = Debug|Any CPU
		{D0214090-DD72-4316-8BF7-08A02293ADD2}.Debug|x86.ActiveCfg = Debug|Any CPU
		{D0214090-DD72-4316-8BF7-08A02293ADD2}.Debug|x86.Build.0 = Debug|Any CPU
		{D0214090-DD72-4316-8BF7-08A02293ADD2}.Release|Any CPU.ActiveCfg = Release|Any CPU
		{D0214090-DD72-4316-8BF7-08A02293ADD2}.Release|Any CPU.Build.0 = Release|Any CPU
		{D0214090-DD72-4316-8BF7-08A02293ADD2}.Release|x64.ActiveCfg = Release|Any CPU
		{D0214090-DD72-4316-8BF7-08A02293ADD2}.Release|x64.Build.0 = Release|Any CPU
		{D0214090-DD72-4316-8BF7-08A02293ADD2}.Release|x86.ActiveCfg = Release|Any CPU
		{D0214090-DD72-4316-8BF7-08A02293ADD2}.Release|x86.Build.0 = Release|Any CPU
	EndGlobalSection
	GlobalSection(SolutionProperties) = preSolution
		HideSolutionNode = FALSE
	EndGlobalSection
	GlobalSection(NestedProjects) = preSolution
		{7FD88256-5E14-4D7C-862B-7BC2CD04081A} = {1F52DDC9-E9D0-4A7B-8E78-930528203EE6}
		{D69EF6D8-68FF-4C56-B5CB-253971B1DF91} = {FF50AF6A-D2AC-4772-B013-C10D127DBE29}
		{0525D895-E706-4920-8733-DABD9194BFB1} = {D69EF6D8-68FF-4C56-B5CB-253971B1DF91}
		{2F99124B-FAED-432D-B797-45566D373411} = {D69EF6D8-68FF-4C56-B5CB-253971B1DF91}
		{BE16A0BF-6794-4718-AF27-F2A50078D880} = {1F52DDC9-E9D0-4A7B-8E78-930528203EE6}
		{E06B4E1D-9735-4CB4-BC11-9ECDF27A0972} = {BE16A0BF-6794-4718-AF27-F2A50078D880}
		{1ABADCA4-AC96-4E9F-91C5-232EB824D6DE} = {1F52DDC9-E9D0-4A7B-8E78-930528203EE6}
		{6D7BAF89-A705-4FFA-A3A2-AF93EC3A909C} = {1ABADCA4-AC96-4E9F-91C5-232EB824D6DE}
		{D0214090-DD72-4316-8BF7-08A02293ADD2} = {1F52DDC9-E9D0-4A7B-8E78-930528203EE6}
	EndGlobalSection
	GlobalSection(ExtensibilityGlobals) = postSolution
		SolutionGuid = {5D334488-15A0-4E15-A168-2D27075111A7}
	EndGlobalSection
EndGlobal
